
Microsoft Visual Studio Solution File, Format Version 12.00
# Visual Studio Version 17
VisualStudioVersion = 17.5.33516.290
MinimumVisualStudioVersion = 10.0.40219.1
Project("{FAE04EC0-301F-11D3-BF4B-00C04F79EFBC}") = "TemaThreadsTasks", "TemaThreadsTasks.csproj", "{3A355EB6-A1CC-4DFA-B410-105D050113CF}"
EndProject
Global
	GlobalSection(SolutionConfigurationPlatforms) = preSolution
		Debug|Any CPU = Debug|Any CPU
		Release|Any CPU = Release|Any CPU
	EndGlobalSection
	GlobalSection(ProjectConfigurationPlatforms) = postSolution
		{3A355EB6-A1CC-4DFA-B410-105D050113CF}.Debug|Any CPU.ActiveCfg = Debug|Any CPU
		{3A355EB6-A1CC-4DFA-B410-105D050113CF}.Debug|Any CPU.Build.0 = Debug|Any CPU
		{3A355EB6-A1CC-4DFA-B410-105D050113CF}.Release|Any CPU.ActiveCfg = Release|Any CPU
		{3A355EB6-A1CC-4DFA-B410-105D050113CF}.Release|Any CPU.Build.0 = Release|Any CPU
	EndGlobalSection
	GlobalSection(SolutionProperties) = preSolution
		HideSolutionNode = FALSE
	EndGlobalSection
	GlobalSection(ExtensibilityGlobals) = postSolution
		SolutionGuid = {3CE5F332-455C-459C-B43B-775033883637}
	EndGlobalSection
EndGlobal
